
Microsoft Visual Studio Solution File, Format Version 12.00
# Visual Studio Version 17
VisualStudioVersion = 17.14.36327.8 d17.14
MinimumVisualStudioVersion = 10.0.40219.1
Project("{FAE04EC0-301F-11D3-BF4B-00C04F79EFBC}") = "BrainfuckIDE", "BrainfuckIDE\BrainfuckIDE.csproj", "{3B03A668-4A3F-46FE-82AC-BB5BD5A2601B}"
EndProject
Global
	GlobalSection(SolutionConfigurationPlatforms) = preSolution
		Debug|Any CPU = Debug|Any CPU
		Release|Any CPU = Release|Any CPU
	EndGlobalSection
	GlobalSection(ProjectConfigurationPlatforms) = postSolution
		{3B03A668-4A3F-46FE-82AC-BB5BD5A2601B}.Debug|Any CPU.ActiveCfg = Debug|Any CPU
		{3B03A668-4A3F-46FE-82AC-BB5BD5A2601B}.Debug|Any CPU.Build.0 = Debug|Any CPU
		{3B03A668-4A3F-46FE-82AC-BB5BD5A2601B}.Release|Any CPU.ActiveCfg = Release|Any CPU
		{3B03A668-4A3F-46FE-82AC-BB5BD5A2601B}.Release|Any CPU.Build.0 = Release|Any CPU
	EndGlobalSection
	GlobalSection(SolutionProperties) = preSolution
		HideSolutionNode = FALSE
	EndGlobalSection
	GlobalSection(ExtensibilityGlobals) = postSolution
		SolutionGuid = {28BECC4D-3C8B-4E41-BE06-3581259FA204}
	EndGlobalSection
EndGlobal
